
Microsoft Visual Studio Solution File, Format Version 12.00
# Visual Studio Version 16
VisualStudioVersion = 16.0.28922.388
MinimumVisualStudioVersion = 10.0.40219.1
Project("{FAE04EC0-301F-11D3-BF4B-00C04F79EFBC}") = "LemonadeStand", "LemonadeStand\LemonadeStand.csproj", "{95DA8059-F8FD-4D82-B49D-9B3CBE8B328D}"
EndProject
Global
	GlobalSection(SolutionConfigurationPlatforms) = preSolution
		Debug|Any CPU = Debug|Any CPU
		Release|Any CPU = Release|Any CPU
	EndGlobalSection
	GlobalSection(ProjectConfigurationPlatforms) = postSolution
		{95DA8059-F8FD-4D82-B49D-9B3CBE8B328D}.Debug|Any CPU.ActiveCfg = Debug|Any CPU
		{95DA8059-F8FD-4D82-B49D-9B3CBE8B328D}.Debug|Any CPU.Build.0 = Debug|Any CPU
		{95DA8059-F8FD-4D82-B49D-9B3CBE8B328D}.Release|Any CPU.ActiveCfg = Release|Any CPU
		{95DA8059-F8FD-4D82-B49D-9B3CBE8B328D}.Release|Any CPU.Build.0 = Release|Any CPU
	EndGlobalSection
	GlobalSection(SolutionProperties) = preSolution
		HideSolutionNode = FALSE
	EndGlobalSection
	GlobalSection(ExtensibilityGlobals) = postSolution
		SolutionGuid = {7DBA031E-E2B0-4C6D-AB1B-C5886DDB04B6}
	EndGlobalSection
EndGlobal
